
Microsoft Visual Studio Solution File, Format Version 12.00
# Visual Studio Version 16
VisualStudioVersion = 16.0.28705.295
MinimumVisualStudioVersion = 10.0.40219.1
Project("{2150E333-8FDC-42A3-9474-1A3956D46DE8}") = "samples", "samples", "{F2BBABBD-C4D0-4DEA-A27D-10B62B0528B1}"
EndProject
Project("{2150E333-8FDC-42A3-9474-1A3956D46DE8}") = "doc", "doc", "{E4986773-AFE6-4B70-96B6-9F9395F8FD7C}"
	ProjectSection(SolutionItems) = preProject
		README.md = README.md
	EndProjectSection
EndProject
Project("{9A19103F-16F7-4668-BE54-9A1E7A4F7556}") = "gltf.core", "src\gltf.core\gltf.core.csproj", "{5CE3031C-206B-4F82-A780-5CEB4A93ACB9}"
EndProject
Project("{9A19103F-16F7-4668-BE54-9A1E7A4F7556}") = "earcut", "src\earcut\earcut.csproj", "{7A4B4715-01CB-4F37-A033-CD8466F91EE2}"
EndProject
Project("{9A19103F-16F7-4668-BE54-9A1E7A4F7556}") = "b3dm.tile", "src\b3dm.tile\b3dm.tile.csproj", "{2F24DF70-6760-4030-AE67-7035D6AE3759}"
EndProject
Project("{9A19103F-16F7-4668-BE54-9A1E7A4F7556}") = "gltf.core.tests", "src\gltf.core.tests\gltf.core.tests.csproj", "{B0136DE9-B7C8-4E07-907A-AAE4C8FF8E07}"
EndProject
Project("{9A19103F-16F7-4668-BE54-9A1E7A4F7556}") = "b3dm.tile.tests", "src\b3dm.tile.tests\b3dm.tile.tests.csproj", "{A80A4FEF-04D5-4877-A011-090264B97FDB}"
EndProject
Project("{2150E333-8FDC-42A3-9474-1A3956D46DE8}") = "benchmarks", "benchmarks", "{29FA2D6E-5360-4393-880C-994E8EB68DD8}"
EndProject
Project("{9A19103F-16F7-4668-BE54-9A1E7A4F7556}") = "b3dm.tile.benchmarks", "src\b3dm.tile.benchmarks\b3dm.tile.benchmarks.csproj", "{83632BEF-D299-46DD-A5C7-3E501875D147}"
EndProject
Project("{9A19103F-16F7-4668-BE54-9A1E7A4F7556}") = "pg2b3dm", "src\samples\pg2b3dm\pg2b3dm.csproj", "{7F3C690B-27D9-4747-A44B-13A8EE18EC0C}"
EndProject
Project("{FAE04EC0-301F-11D3-BF4B-00C04F79EFBC}") = "sample_read_b3dm", "src\samples\sample_read_b3dm\sample_read_b3dm.csproj", "{D71D1CE7-079B-44D6-9DF0-029193FCC35E}"
EndProject
Global
	GlobalSection(SolutionConfigurationPlatforms) = preSolution
		Debug|Any CPU = Debug|Any CPU
		Release|Any CPU = Release|Any CPU
	EndGlobalSection
	GlobalSection(ProjectConfigurationPlatforms) = postSolution
		{5CE3031C-206B-4F82-A780-5CEB4A93ACB9}.Debug|Any CPU.ActiveCfg = Debug|Any CPU
		{5CE3031C-206B-4F82-A780-5CEB4A93ACB9}.Debug|Any CPU.Build.0 = Debug|Any CPU
		{5CE3031C-206B-4F82-A780-5CEB4A93ACB9}.Release|Any CPU.ActiveCfg = Release|Any CPU
		{5CE3031C-206B-4F82-A780-5CEB4A93ACB9}.Release|Any CPU.Build.0 = Release|Any CPU
		{7A4B4715-01CB-4F37-A033-CD8466F91EE2}.Debug|Any CPU.ActiveCfg = Debug|Any CPU
		{7A4B4715-01CB-4F37-A033-CD8466F91EE2}.Debug|Any CPU.Build.0 = Debug|Any CPU
		{7A4B4715-01CB-4F37-A033-CD8466F91EE2}.Release|Any CPU.ActiveCfg = Release|Any CPU
		{7A4B4715-01CB-4F37-A033-CD8466F91EE2}.Release|Any CPU.Build.0 = Release|Any CPU
		{2F24DF70-6760-4030-AE67-7035D6AE3759}.Debug|Any CPU.ActiveCfg = Debug|Any CPU
		{2F24DF70-6760-4030-AE67-7035D6AE3759}.Debug|Any CPU.Build.0 = Debug|Any CPU
		{2F24DF70-6760-4030-AE67-7035D6AE3759}.Release|Any CPU.ActiveCfg = Release|Any CPU
		{2F24DF70-6760-4030-AE67-7035D6AE3759}.Release|Any CPU.Build.0 = Release|Any CPU
		{B0136DE9-B7C8-4E07-907A-AAE4C8FF8E07}.Debug|Any CPU.ActiveCfg = Debug|Any CPU
		{B0136DE9-B7C8-4E07-907A-AAE4C8FF8E07}.Debug|Any CPU.Build.0 = Debug|Any CPU
		{B0136DE9-B7C8-4E07-907A-AAE4C8FF8E07}.Release|Any CPU.ActiveCfg = Release|Any CPU
		{B0136DE9-B7C8-4E07-907A-AAE4C8FF8E07}.Release|Any CPU.Build.0 = Release|Any CPU
		{A80A4FEF-04D5-4877-A011-090264B97FDB}.Debug|Any CPU.ActiveCfg = Debug|Any CPU
		{A80A4FEF-04D5-4877-A011-090264B97FDB}.Debug|Any CPU.Build.0 = Debug|Any CPU
		{A80A4FEF-04D5-4877-A011-090264B97FDB}.Release|Any CPU.ActiveCfg = Release|Any CPU
		{A80A4FEF-04D5-4877-A011-090264B97FDB}.Release|Any CPU.Build.0 = Release|Any CPU
		{83632BEF-D299-46DD-A5C7-3E501875D147}.Debug|Any CPU.ActiveCfg = Debug|Any CPU
		{83632BEF-D299-46DD-A5C7-3E501875D147}.Debug|Any CPU.Build.0 = Debug|Any CPU
		{83632BEF-D299-46DD-A5C7-3E501875D147}.Release|Any CPU.ActiveCfg = Release|Any CPU
		{83632BEF-D299-46DD-A5C7-3E501875D147}.Release|Any CPU.Build.0 = Release|Any CPU
		{7F3C690B-27D9-4747-A44B-13A8EE18EC0C}.Debug|Any CPU.ActiveCfg = Debug|Any CPU
		{7F3C690B-27D9-4747-A44B-13A8EE18EC0C}.Debug|Any CPU.Build.0 = Debug|Any CPU
		{7F3C690B-27D9-4747-A44B-13A8EE18EC0C}.Release|Any CPU.ActiveCfg = Release|Any CPU
		{7F3C690B-27D9-4747-A44B-13A8EE18EC0C}.Release|Any CPU.Build.0 = Release|Any CPU
		{D71D1CE7-079B-44D6-9DF0-029193FCC35E}.Debug|Any CPU.ActiveCfg = Debug|Any CPU
		{D71D1CE7-079B-44D6-9DF0-029193FCC35E}.Debug|Any CPU.Build.0 = Debug|Any CPU
		{D71D1CE7-079B-44D6-9DF0-029193FCC35E}.Release|Any CPU.ActiveCfg = Release|Any CPU
		{D71D1CE7-079B-44D6-9DF0-029193FCC35E}.Release|Any CPU.Build.0 = Release|Any CPU
	EndGlobalSection
	GlobalSection(SolutionProperties) = preSolution
		HideSolutionNode = FALSE
	EndGlobalSection
	GlobalSection(NestedProjects) = preSolution
		{83632BEF-D299-46DD-A5C7-3E501875D147} = {29FA2D6E-5360-4393-880C-994E8EB68DD8}
		{7F3C690B-27D9-4747-A44B-13A8EE18EC0C} = {F2BBABBD-C4D0-4DEA-A27D-10B62B0528B1}
		{D71D1CE7-079B-44D6-9DF0-029193FCC35E} = {F2BBABBD-C4D0-4DEA-A27D-10B62B0528B1}
	EndGlobalSection
	GlobalSection(ExtensibilityGlobals) = postSolution
		SolutionGuid = {214DE6B8-E651-44E0-96F6-B660E0CAA93A}
	EndGlobalSection
	GlobalSection(MonoDevelopProperties) = preSolution
		version = 0.2
	EndGlobalSection
EndGlobal
