
Microsoft Visual Studio Solution File, Format Version 12.00
# Visual Studio 15
VisualStudioVersion = 15.0.28307.106
MinimumVisualStudioVersion = 10.0.40219.1
Project("{9A19103F-16F7-4668-BE54-9A1E7A4F7556}") = "b3dm.tile", "src\b3dm.tile.csproj", "{3BEFD243-E80F-4A9D-B144-C663357CC615}"
EndProject
Project("{9A19103F-16F7-4668-BE54-9A1E7A4F7556}") = "b3dm.tile.tests", "b3dm.tile.tests\b3dm.tile.tests.csproj", "{D0DB66F9-4370-488C-BE74-5E140B965293}"
EndProject
Global
	GlobalSection(SolutionConfigurationPlatforms) = preSolution
		Debug|Any CPU = Debug|Any CPU
		Release|Any CPU = Release|Any CPU
	EndGlobalSection
	GlobalSection(ProjectConfigurationPlatforms) = postSolution
		{3BEFD243-E80F-4A9D-B144-C663357CC615}.Debug|Any CPU.ActiveCfg = Debug|Any CPU
		{3BEFD243-E80F-4A9D-B144-C663357CC615}.Debug|Any CPU.Build.0 = Debug|Any CPU
		{3BEFD243-E80F-4A9D-B144-C663357CC615}.Release|Any CPU.ActiveCfg = Release|Any CPU
		{3BEFD243-E80F-4A9D-B144-C663357CC615}.Release|Any CPU.Build.0 = Release|Any CPU
		{D0DB66F9-4370-488C-BE74-5E140B965293}.Debug|Any CPU.ActiveCfg = Debug|Any CPU
		{D0DB66F9-4370-488C-BE74-5E140B965293}.Debug|Any CPU.Build.0 = Debug|Any CPU
		{D0DB66F9-4370-488C-BE74-5E140B965293}.Release|Any CPU.ActiveCfg = Release|Any CPU
		{D0DB66F9-4370-488C-BE74-5E140B965293}.Release|Any CPU.Build.0 = Release|Any CPU
	EndGlobalSection
	GlobalSection(SolutionProperties) = preSolution
		HideSolutionNode = FALSE
	EndGlobalSection
	GlobalSection(ExtensibilityGlobals) = postSolution
		SolutionGuid = {214DE6B8-E651-44E0-96F6-B660E0CAA93A}
	EndGlobalSection
EndGlobal
